
Microsoft Visual Studio Solution File, Format Version 12.00
# Visual Studio Version 16
VisualStudioVersion = 16.0.30011.22
MinimumVisualStudioVersion = 10.0.40219.1
Project("{FAE04EC0-301F-11D3-BF4B-00C04F79EFBC}") = "LM.Storage.Api", "LM.Storage.Api\LM.Storage.Api.csproj", "{E1B97338-D5B9-443F-8EB2-D152D957BCCC}"
EndProject
Project("{FAE04EC0-301F-11D3-BF4B-00C04F79EFBC}") = "LM.Storage.Messages", "Connector\LM.Storage.Messages\LM.Storage.Messages.csproj", "{1335237D-8768-42FD-A20C-E24E353A9F67}"
EndProject
Global
	GlobalSection(SolutionConfigurationPlatforms) = preSolution
		Debug|Any CPU = Debug|Any CPU
		Release|Any CPU = Release|Any CPU
	EndGlobalSection
	GlobalSection(ProjectConfigurationPlatforms) = postSolution
		{E1B97338-D5B9-443F-8EB2-D152D957BCCC}.Debug|Any CPU.ActiveCfg = Debug|Any CPU
		{E1B97338-D5B9-443F-8EB2-D152D957BCCC}.Debug|Any CPU.Build.0 = Debug|Any CPU
		{E1B97338-D5B9-443F-8EB2-D152D957BCCC}.Release|Any CPU.ActiveCfg = Release|Any CPU
		{E1B97338-D5B9-443F-8EB2-D152D957BCCC}.Release|Any CPU.Build.0 = Release|Any CPU
		{1335237D-8768-42FD-A20C-E24E353A9F67}.Debug|Any CPU.ActiveCfg = Debug|Any CPU
		{1335237D-8768-42FD-A20C-E24E353A9F67}.Debug|Any CPU.Build.0 = Debug|Any CPU
		{1335237D-8768-42FD-A20C-E24E353A9F67}.Release|Any CPU.ActiveCfg = Release|Any CPU
		{1335237D-8768-42FD-A20C-E24E353A9F67}.Release|Any CPU.Build.0 = Release|Any CPU
	EndGlobalSection
	GlobalSection(SolutionProperties) = preSolution
		HideSolutionNode = FALSE
	EndGlobalSection
	GlobalSection(ExtensibilityGlobals) = postSolution
		SolutionGuid = {BC44AE45-387A-4F98-B2A1-BBEC40D441E5}
	EndGlobalSection
EndGlobal
